// !$*UTF8*$!
{
	archiveVersion = 1;
	classes = {
	};
	objectVersion = 50;
	objects = {

/* Begin PBXBuildFile section */
		23721C4323BC19EE00C04224 /* AppDelegate.swift in Sources */ = {isa = PBXBuildFile; fileRef = 23721C4223BC19EE00C04224 /* AppDelegate.swift */; };
		23721C4523BC19EE00C04224 /* SceneDelegate.swift in Sources */ = {isa = PBXBuildFile; fileRef = 23721C4423BC19EE00C04224 /* SceneDelegate.swift */; };
		23721C4723BC19EE00C04224 /* ViewController.swift in Sources */ = {isa = PBXBuildFile; fileRef = 23721C4623BC19EE00C04224 /* ViewController.swift */; };
		23721C4A23BC19EE00C04224 /* Main.storyboard in Resources */ = {isa = PBXBuildFile; fileRef = 23721C4823BC19EE00C04224 /* Main.storyboard */; };
		23721C4C23BC19EF00C04224 /* Assets.xcassets in Resources */ = {isa = PBXBuildFile; fileRef = 23721C4B23BC19EF00C04224 /* Assets.xcassets */; };
		23721C4F23BC19EF00C04224 /* LaunchScreen.storyboard in Resources */ = {isa = PBXBuildFile; fileRef = 23721C4D23BC19EF00C04224 /* LaunchScreen.storyboard */; };
		23721C5823BC272C00C04224 /* KeychainWrapper.swift in Sources */ = {isa = PBXBuildFile; fileRef = 23721C5623BC272C00C04224 /* KeychainWrapper.swift */; };
		23721C5923BC272C00C04224 /* KeychainItemAccessibility.swift in Sources */ = {isa = PBXBuildFile; fileRef = 23721C5723BC272C00C04224 /* KeychainItemAccessibility.swift */; };
/* End PBXBuildFile section */

/* Begin PBXFileReference section */
		23721C3F23BC19EE00C04224 /* day-28-secret-swift.app */ = {isa = PBXFileReference; explicitFileType = wrapper.application; includeInIndex = 0; path = "day-28-secret-swift.app"; sourceTree = BUILT_PRODUCTS_DIR; };
		23721C4223BC19EE00C04224 /* AppDelegate.swift */ = {isa = PBXFileReference; lastKnownFileType = sourcecode.swift; path = AppDelegate.swift; sourceTree = "<group>"; };
		23721C4423BC19EE00C04224 /* SceneDelegate.swift */ = {isa = PBXFileReference; lastKnownFileType = sourcecode.swift; path = SceneDelegate.swift; sourceTree = "<group>"; };
		23721C4623BC19EE00C04224 /* ViewController.swift */ = {isa = PBXFileReference; lastKnownFileType = sourcecode.swift; path = ViewController.swift; sourceTree = "<group>"; };
		23721C4923BC19EE00C04224 /* Base */ = {isa = PBXFileReference; lastKnownFileType = file.storyboard; name = Base; path = Base.lproj/Main.storyboard; sourceTree = "<group>"; };
		23721C4B23BC19EF00C04224 /* Assets.xcassets */ = {isa = PBXFileReference; lastKnownFileType = folder.assetcatalog; path = Assets.xcassets; sourceTree = "<group>"; };
		23721C4E23BC19EF00C04224 /* Base */ = {isa = PBXFileReference; lastKnownFileType = file.storyboard; name = Base; path = Base.lproj/LaunchScreen.storyboard; sourceTree = "<group>"; };
		23721C5023BC19EF00C04224 /* Info.plist */ = {isa = PBXFileReference; lastKnownFileType = text.plist.xml; path = Info.plist; sourceTree = "<group>"; };
		23721C5623BC272C00C04224 /* KeychainWrapper.swift */ = {isa = PBXFileReference; fileEncoding = 4; lastKnownFileType = sourcecode.swift; path = KeychainWrapper.swift; sourceTree = "<group>"; };
		23721C5723BC272C00C04224 /* KeychainItemAccessibility.swift */ = {isa = PBXFileReference; fileEncoding = 4; lastKnownFileType = sourcecode.swift; path = KeychainItemAccessibility.swift; sourceTree = "<group>"; };
/* End PBXFileReference section */

/* Begin PBXFrameworksBuildPhase section */
		23721C3C23BC19EE00C04224 /* Frameworks */ = {
			isa = PBXFrameworksBuildPhase;
			buildActionMask = 2147483647;
			files = (
			);
			runOnlyForDeploymentPostprocessing = 0;
		};
/* End PBXFrameworksBuildPhase section */

/* Begin PBXGroup section */
		23721C3623BC19EE00C04224 = {
			isa = PBXGroup;
			children = (
				23721C4123BC19EE00C04224 /* day-28-secret-swift */,
				23721C4023BC19EE00C04224 /* Products */,
			);
			sourceTree = "<group>";
		};
		23721C4023BC19EE00C04224 /* Products */ = {
			isa = PBXGroup;
			children = (
				23721C3F23BC19EE00C04224 /* day-28-secret-swift.app */,
			);
			name = Products;
			sourceTree = "<group>";
		};
		23721C4123BC19EE00C04224 /* day-28-secret-swift */ = {
			isa = PBXGroup;
			children = (
				23721C4223BC19EE00C04224 /* AppDelegate.swift */,
				23721C4423BC19EE00C04224 /* SceneDelegate.swift */,
				23721C4623BC19EE00C04224 /* ViewController.swift */,
				23721C4823BC19EE00C04224 /* Main.storyboard */,
				23721C4B23BC19EF00C04224 /* Assets.xcassets */,
				23721C4D23BC19EF00C04224 /* LaunchScreen.storyboard */,
				23721C5023BC19EF00C04224 /* Info.plist */,
				23721C5723BC272C00C04224 /* KeychainItemAccessibility.swift */,
				23721C5623BC272C00C04224 /* KeychainWrapper.swift */,
			);
			path = "day-28-secret-swift";
			sourceTree = "<group>";
		};
/* End PBXGroup section */

/* Begin PBXNativeTarget section */
		23721C3E23BC19EE00C04224 /* day-28-secret-swift */ = {
			isa = PBXNativeTarget;
			buildConfigurationList = 23721C5323BC19EF00C04224 /* Build configuration list for PBXNativeTarget "day-28-secret-swift" */;
			buildPhases = (
				23721C3B23BC19EE00C04224 /* Sources */,
				23721C3C23BC19EE00C04224 /* Frameworks */,
				23721C3D23BC19EE00C04224 /* Resources */,
			);
			buildRules = (
			);
			dependencies = (
			);
			name = "day-28-secret-swift";
			productName = "day-28-secret-swift";
			productReference = 23721C3F23BC19EE00C04224 /* day-28-secret-swift.app */;
			productType = "com.apple.product-type.application";
		};
/* End PBXNativeTarget section */

/* Begin PBXProject section */
		23721C3723BC19EE00C04224 /* Project object */ = {
			isa = PBXProject;
			attributes = {
				LastSwiftUpdateCheck = 1130;
				LastUpgradeCheck = 1130;
				ORGANIZATIONNAME = kinnerapriyap;
				TargetAttributes = {
					23721C3E23BC19EE00C04224 = {
						CreatedOnToolsVersion = 11.3;
					};
				};
			};
			buildConfigurationList = 23721C3A23BC19EE00C04224 /* Build configuration list for PBXProject "day-28-secret-swift" */;
			compatibilityVersion = "Xcode 9.3";
			developmentRegion = en;
			hasScannedForEncodings = 0;
			knownRegions = (
				en,
				Base,
			);
			mainGroup = 23721C3623BC19EE00C04224;
			productRefGroup = 23721C4023BC19EE00C04224 /* Products */;
			projectDirPath = "";
			projectRoot = "";
			targets = (
				23721C3E23BC19EE00C04224 /* day-28-secret-swift */,
			);
		};
/* End PBXProject section */

/* Begin PBXResourcesBuildPhase section */
		23721C3D23BC19EE00C04224 /* Resources */ = {
			isa = PBXResourcesBuildPhase;
			buildActionMask = 2147483647;
			files = (
				23721C4F23BC19EF00C04224 /* LaunchScreen.storyboard in Resources */,
				23721C4C23BC19EF00C04224 /* Assets.xcassets in Resources */,
				23721C4A23BC19EE00C04224 /* Main.storyboard in Resources */,
			);
			runOnlyForDeploymentPostprocessing = 0;
		};
/* End PBXResourcesBuildPhase section */

/* Begin PBXSourcesBuildPhase section */
		23721C3B23BC19EE00C04224 /* Sources */ = {
			isa = PBXSourcesBuildPhase;
			buildActionMask = 2147483647;
			files = (
				23721C4723BC19EE00C04224 /* ViewController.swift in Sources */,
				23721C5823BC272C00C04224 /* KeychainWrapper.swift in Sources */,
				23721C4323BC19EE00C04224 /* AppDelegate.swift in Sources */,
				23721C5923BC272C00C04224 /* KeychainItemAccessibility.swift in Sources */,
				23721C4523BC19EE00C04224 /* SceneDelegate.swift in Sources */,
			);
			runOnlyForDeploymentPostprocessing = 0;
		};
/* End PBXSourcesBuildPhase section */

/* Begin PBXVariantGroup section */
		23721C4823BC19EE00C04224 /* Main.storyboard */ = {
			isa = PBXVariantGroup;
			children = (
				23721C4923BC19EE00C04224 /* Base */,
			);
			name = Main.storyboard;
			sourceTree = "<group>";
		};
		23721C4D23BC19EF00C04224 /* LaunchScreen.storyboard */ = {
			isa = PBXVariantGroup;
			children = (
				23721C4E23BC19EF00C04224 /* Base */,
			);
			name = LaunchScreen.storyboard;
			sourceTree = "<group>";
		};
/* End PBXVariantGroup section */

/* Begin XCBuildConfiguration section */
		23721C5123BC19EF00C04224 /* Debug */ = {
			isa = XCBuildConfiguration;
			buildSettings = {
				ALWAYS_SEARCH_USER_PATHS = NO;
				CLANG_ANALYZER_NONNULL = YES;
				CLANG_ANALYZER_NUMBER_OBJECT_CONVERSION = YES_AGGRESSIVE;
				CLANG_CXX_LANGUAGE_STANDARD = "gnu++14";
				CLANG_CXX_LIBRARY = "libc++";
				CLANG_ENABLE_MODULES = YES;
				CLANG_ENABLE_OBJC_ARC = YES;
				CLANG_ENABLE_OBJC_WEAK = YES;
				CLANG_WARN_BLOCK_CAPTURE_AUTORELEASING = YES;
				CLANG_WARN_BOOL_CONVERSION = YES;
				CLANG_WARN_COMMA = YES;
				CLANG_WARN_CONSTANT_CONVERSION = YES;
				CLANG_WARN_DEPRECATED_OBJC_IMPLEMENTATIONS = YES;
				CLANG_WARN_DIRECT_OBJC_ISA_USAGE = YES_ERROR;
				CLANG_WARN_DOCUMENTATION_COMMENTS = YES;
				CLANG_WARN_EMPTY_BODY = YES;
				CLANG_WARN_ENUM_CONVERSION = YES;
				CLANG_WARN_INFINITE_RECURSION = YES;
				CLANG_WARN_INT_CONVERSION = YES;
				CLANG_WARN_NON_LITERAL_NULL_CONVERSION = YES;
				CLANG_WARN_OBJC_IMPLICIT_RETAIN_SELF = YES;
				CLANG_WARN_OBJC_LITERAL_CONVERSION = YES;
				CLANG_WARN_OBJC_ROOT_CLASS = YES_ERROR;
				CLANG_WARN_RANGE_LOOP_ANALYSIS = YES;
				CLANG_WARN_STRICT_PROTOTYPES = YES;
				CLANG_WARN_SUSPICIOUS_MOVE = YES;
				CLANG_WARN_UNGUARDED_AVAILABILITY = YES_AGGRESSIVE;
				CLANG_WARN_UNREACHABLE_CODE = YES;
				CLANG_WARN__DUPLICATE_METHOD_MATCH = YES;
				COPY_PHASE_STRIP = NO;
				DEBUG_INFORMATION_FORMAT = dwarf;
				ENABLE_STRICT_OBJC_MSGSEND = YES;
				ENABLE_TESTABILITY = YES;
				GCC_C_LANGUAGE_STANDARD = gnu11;
				GCC_DYNAMIC_NO_PIC = NO;
				GCC_NO_COMMON_BLOCKS = YES;
				GCC_OPTIMIZATION_LEVEL = 0;
				GCC_PREPROCESSOR_DEFINITIONS = (
					"DEBUG=1",
					"$(inherited)",
				);
				GCC_WARN_64_TO_32_BIT_CONVERSION = YES;
				GCC_WARN_ABOUT_RETURN_TYPE = YES_ERROR;
				GCC_WARN_UNDECLARED_SELECTOR = YES;
				GCC_WARN_UNINITIALIZED_AUTOS = YES_AGGRESSIVE;
				GCC_WARN_UNUSED_FUNCTION = YES;
				GCC_WARN_UNUSED_VARIABLE = YES;
				IPHONEOS_DEPLOYMENT_TARGET = 13.2;
				MTL_ENABLE_DEBUG_INFO = INCLUDE_SOURCE;
				MTL_FAST_MATH = YES;
				ONLY_ACTIVE_ARCH = YES;
				SDKROOT = iphoneos;
				SWIFT_ACTIVE_COMPILATION_CONDITIONS = DEBUG;
				SWIFT_OPTIMIZATION_LEVEL = "-Onone";
			};
			name = Debug;
		};
		23721C5223BC19EF00C04224 /* Release */ = {
			isa = XCBuildConfiguration;
			buildSettings = {
				ALWAYS_SEARCH_USER_PATHS = NO;
				CLANG_ANALYZER_NONNULL = YES;
				CLANG_ANALYZER_NUMBER_OBJECT_CONVERSION = YES_AGGRESSIVE;
				CLANG_CXX_LANGUAGE_STANDARD = "gnu++14";
				CLANG_CXX_LIBRARY = "libc++";
				CLANG_ENABLE_MODULES = YES;
				CLANG_ENABLE_OBJC_ARC = YES;
				CLANG_ENABLE_OBJC_WEAK = YES;
				CLANG_WARN_BLOCK_CAPTURE_AUTORELEASING = YES;
				CLANG_WARN_BOOL_CONVERSION = YES;
				CLANG_WARN_COMMA = YES;
				CLANG_WARN_CONSTANT_CONVERSION = YES;
				CLANG_WARN_DEPRECATED_OBJC_IMPLEMENTATIONS = YES;
				CLANG_WARN_DIRECT_OBJC_ISA_USAGE = YES_ERROR;
				CLANG_WARN_DOCUMENTATION_COMMENTS = YES;
				CLANG_WARN_EMPTY_BODY = YES;
				CLANG_WARN_ENUM_CONVERSION = YES;
				CLANG_WARN_INFINITE_RECURSION = YES;
				CLANG_WARN_INT_CONVERSION = YES;
				CLANG_WARN_NON_LITERAL_NULL_CONVERSION = YES;
				CLANG_WARN_OBJC_IMPLICIT_RETAIN_SELF = YES;
				CLANG_WARN_OBJC_LITERAL_CONVERSION = YES;
				CLANG_WARN_OBJC_ROOT_CLASS = YES_ERROR;
				CLANG_WARN_RANGE_LOOP_ANALYSIS = YES;
				CLANG_WARN_STRICT_PROTOTYPES = YES;
				CLANG_WARN_SUSPICIOUS_MOVE = YES;
				CLANG_WARN_UNGUARDED_AVAILABILITY = YES_AGGRESSIVE;
				CLANG_WARN_UNREACHABLE_CODE = YES;
				CLANG_WARN__DUPLICATE_METHOD_MATCH = YES;
				COPY_PHASE_STRIP = NO;
				DEBUG_INFORMATION_FORMAT = "dwarf-with-dsym";
				ENABLE_NS_ASSERTIONS = NO;
				ENABLE_STRICT_OBJC_MSGSEND = YES;
				GCC_C_LANGUAGE_STANDARD = gnu11;
				GCC_NO_COMMON_BLOCKS = YES;
				GCC_WARN_64_TO_32_BIT_CONVERSION = YES;
				GCC_WARN_ABOUT_RETURN_TYPE = YES_ERROR;
				GCC_WARN_UNDECLARED_SELECTOR = YES;
				GCC_WARN_UNINITIALIZED_AUTOS = YES_AGGRESSIVE;
				GCC_WARN_UNUSED_FUNCTION = YES;
				GCC_WARN_UNUSED_VARIABLE = YES;
				IPHONEOS_DEPLOYMENT_TARGET = 13.2;
				MTL_ENABLE_DEBUG_INFO = NO;
				MTL_FAST_MATH = YES;
				SDKROOT = iphoneos;
				SWIFT_COMPILATION_MODE = wholemodule;
				SWIFT_OPTIMIZATION_LEVEL = "-O";
				VALIDATE_PRODUCT = YES;
			};
			name = Release;
		};
		23721C5423BC19EF00C04224 /* Debug */ = {
			isa = XCBuildConfiguration;
			buildSettings = {
				ASSETCATALOG_COMPILER_APPICON_NAME = AppIcon;
				CODE_SIGN_STYLE = Automatic;
				INFOPLIST_FILE = "day-28-secret-swift/Info.plist";
				LD_RUNPATH_SEARCH_PATHS = (
					"$(inherited)",
					"@executable_path/Frameworks",
				);
				PRODUCT_BUNDLE_IDENTIFIER = "com.kinnerapriyap.day-28-secret-swift";
				PRODUCT_NAME = "$(TARGET_NAME)";
				SWIFT_VERSION = 5.0;
				TARGETED_DEVICE_FAMILY = "1,2";
			};
			name = Debug;
		};
		23721C5523BC19EF00C04224 /* Release */ = {
			isa = XCBuildConfiguration;
			buildSettings = {
				ASSETCATALOG_COMPILER_APPICON_NAME = AppIcon;
				CODE_SIGN_STYLE = Automatic;
				INFOPLIST_FILE = "day-28-secret-swift/Info.plist";
				LD_RUNPATH_SEARCH_PATHS = (
					"$(inherited)",
					"@executable_path/Frameworks",
				);
				PRODUCT_BUNDLE_IDENTIFIER = "com.kinnerapriyap.day-28-secret-swift";
				PRODUCT_NAME = "$(TARGET_NAME)";
				SWIFT_VERSION = 5.0;
				TARGETED_DEVICE_FAMILY = "1,2";
			};
			name = Release;
		};
/* End XCBuildConfiguration section */

/* Begin XCConfigurationList section */
		23721C3A23BC19EE00C04224 /* Build configuration list for PBXProject "day-28-secret-swift" */ = {
			isa = XCConfigurationList;
			buildConfigurations = (
				23721C5123BC19EF00C04224 /* Debug */,
				23721C5223BC19EF00C04224 /* Release */,
			);
			defaultConfigurationIsVisible = 0;
			defaultConfigurationName = Release;
		};
		23721C5323BC19EF00C04224 /* Build configuration list for PBXNativeTarget "day-28-secret-swift" */ = {
			isa = XCConfigurationList;
			buildConfigurations = (
				23721C5423BC19EF00C04224 /* Debug */,
				23721C5523BC19EF00C04224 /* Release */,
			);
			defaultConfigurationIsVisible = 0;
			defaultConfigurationName = Release;
		};
/* End XCConfigurationList section */
	};
	rootObject = 23721C3723BC19EE00C04224 /* Project object */;
}
