// !$*UTF8*$!
{
	archiveVersion = 1;
	classes = {
	};
	objectVersion = 50;
	objects = {

/* Begin PBXBuildFile section */
		23D28D4E23A231040002C66B /* AppDelegate.swift in Sources */ = {isa = PBXBuildFile; fileRef = 23D28D4D23A231040002C66B /* AppDelegate.swift */; };
		23D28D5023A231040002C66B /* SceneDelegate.swift in Sources */ = {isa = PBXBuildFile; fileRef = 23D28D4F23A231040002C66B /* SceneDelegate.swift */; };
		23D28D5223A231040002C66B /* ViewController.swift in Sources */ = {isa = PBXBuildFile; fileRef = 23D28D5123A231040002C66B /* ViewController.swift */; };
		23D28D5523A231040002C66B /* Main.storyboard in Resources */ = {isa = PBXBuildFile; fileRef = 23D28D5323A231040002C66B /* Main.storyboard */; };
		23D28D5723A231050002C66B /* Assets.xcassets in Resources */ = {isa = PBXBuildFile; fileRef = 23D28D5623A231050002C66B /* Assets.xcassets */; };
		23D28D5A23A231050002C66B /* LaunchScreen.storyboard in Resources */ = {isa = PBXBuildFile; fileRef = 23D28D5823A231050002C66B /* LaunchScreen.storyboard */; };
		23D28D6823A23D730002C66B /* Media.xcassets in Resources */ = {isa = PBXBuildFile; fileRef = 23D28D6723A23D730002C66B /* Media.xcassets */; };
		23D28D6A23A23D730002C66B /* ActionViewController.swift in Sources */ = {isa = PBXBuildFile; fileRef = 23D28D6923A23D730002C66B /* ActionViewController.swift */; };
		23D28D6D23A23D730002C66B /* MainInterface.storyboard in Resources */ = {isa = PBXBuildFile; fileRef = 23D28D6B23A23D730002C66B /* MainInterface.storyboard */; };
		23D28D7123A23D730002C66B /* Extension.appex in Embed App Extensions */ = {isa = PBXBuildFile; fileRef = 23D28D6523A23D730002C66B /* Extension.appex */; settings = {ATTRIBUTES = (RemoveHeadersOnCopy, ); }; };
/* End PBXBuildFile section */

/* Begin PBXContainerItemProxy section */
		23D28D6F23A23D730002C66B /* PBXContainerItemProxy */ = {
			isa = PBXContainerItemProxy;
			containerPortal = 23D28D4223A231040002C66B /* Project object */;
			proxyType = 1;
			remoteGlobalIDString = 23D28D6423A23D730002C66B;
			remoteInfo = Extension;
		};
/* End PBXContainerItemProxy section */

/* Begin PBXCopyFilesBuildPhase section */
		23D28D7523A23D730002C66B /* Embed App Extensions */ = {
			isa = PBXCopyFilesBuildPhase;
			buildActionMask = 2147483647;
			dstPath = "";
			dstSubfolderSpec = 13;
			files = (
				23D28D7123A23D730002C66B /* Extension.appex in Embed App Extensions */,
			);
			name = "Embed App Extensions";
			runOnlyForDeploymentPostprocessing = 0;
		};
/* End PBXCopyFilesBuildPhase section */

/* Begin PBXFileReference section */
		23D28D4A23A231040002C66B /* day-19-javascript-injection.app */ = {isa = PBXFileReference; explicitFileType = wrapper.application; includeInIndex = 0; path = "day-19-javascript-injection.app"; sourceTree = BUILT_PRODUCTS_DIR; };
		23D28D4D23A231040002C66B /* AppDelegate.swift */ = {isa = PBXFileReference; lastKnownFileType = sourcecode.swift; path = AppDelegate.swift; sourceTree = "<group>"; };
		23D28D4F23A231040002C66B /* SceneDelegate.swift */ = {isa = PBXFileReference; lastKnownFileType = sourcecode.swift; path = SceneDelegate.swift; sourceTree = "<group>"; };
		23D28D5123A231040002C66B /* ViewController.swift */ = {isa = PBXFileReference; lastKnownFileType = sourcecode.swift; path = ViewController.swift; sourceTree = "<group>"; };
		23D28D5423A231040002C66B /* Base */ = {isa = PBXFileReference; lastKnownFileType = file.storyboard; name = Base; path = Base.lproj/Main.storyboard; sourceTree = "<group>"; };
		23D28D5623A231050002C66B /* Assets.xcassets */ = {isa = PBXFileReference; lastKnownFileType = folder.assetcatalog; path = Assets.xcassets; sourceTree = "<group>"; };
		23D28D5923A231050002C66B /* Base */ = {isa = PBXFileReference; lastKnownFileType = file.storyboard; name = Base; path = Base.lproj/LaunchScreen.storyboard; sourceTree = "<group>"; };
		23D28D5B23A231050002C66B /* Info.plist */ = {isa = PBXFileReference; lastKnownFileType = text.plist.xml; path = Info.plist; sourceTree = "<group>"; };
		23D28D6523A23D730002C66B /* Extension.appex */ = {isa = PBXFileReference; explicitFileType = "wrapper.app-extension"; includeInIndex = 0; path = Extension.appex; sourceTree = BUILT_PRODUCTS_DIR; };
		23D28D6723A23D730002C66B /* Media.xcassets */ = {isa = PBXFileReference; lastKnownFileType = folder.assetcatalog; path = Media.xcassets; sourceTree = "<group>"; };
		23D28D6923A23D730002C66B /* ActionViewController.swift */ = {isa = PBXFileReference; lastKnownFileType = sourcecode.swift; path = ActionViewController.swift; sourceTree = "<group>"; };
		23D28D6C23A23D730002C66B /* Base */ = {isa = PBXFileReference; lastKnownFileType = file.storyboard; name = Base; path = Base.lproj/MainInterface.storyboard; sourceTree = "<group>"; };
		23D28D6E23A23D730002C66B /* Info.plist */ = {isa = PBXFileReference; lastKnownFileType = text.plist.xml; path = Info.plist; sourceTree = "<group>"; };
/* End PBXFileReference section */

/* Begin PBXFrameworksBuildPhase section */
		23D28D4723A231040002C66B /* Frameworks */ = {
			isa = PBXFrameworksBuildPhase;
			buildActionMask = 2147483647;
			files = (
			);
			runOnlyForDeploymentPostprocessing = 0;
		};
		23D28D6223A23D730002C66B /* Frameworks */ = {
			isa = PBXFrameworksBuildPhase;
			buildActionMask = 2147483647;
			files = (
			);
			runOnlyForDeploymentPostprocessing = 0;
		};
/* End PBXFrameworksBuildPhase section */

/* Begin PBXGroup section */
		23D28D4123A231040002C66B = {
			isa = PBXGroup;
			children = (
				23D28D4C23A231040002C66B /* day-19-javascript-injection */,
				23D28D6623A23D730002C66B /* Extension */,
				23D28D4B23A231040002C66B /* Products */,
			);
			sourceTree = "<group>";
		};
		23D28D4B23A231040002C66B /* Products */ = {
			isa = PBXGroup;
			children = (
				23D28D4A23A231040002C66B /* day-19-javascript-injection.app */,
				23D28D6523A23D730002C66B /* Extension.appex */,
			);
			name = Products;
			sourceTree = "<group>";
		};
		23D28D4C23A231040002C66B /* day-19-javascript-injection */ = {
			isa = PBXGroup;
			children = (
				23D28D4D23A231040002C66B /* AppDelegate.swift */,
				23D28D4F23A231040002C66B /* SceneDelegate.swift */,
				23D28D5123A231040002C66B /* ViewController.swift */,
				23D28D5323A231040002C66B /* Main.storyboard */,
				23D28D5623A231050002C66B /* Assets.xcassets */,
				23D28D5823A231050002C66B /* LaunchScreen.storyboard */,
				23D28D5B23A231050002C66B /* Info.plist */,
			);
			path = "day-19-javascript-injection";
			sourceTree = "<group>";
		};
		23D28D6623A23D730002C66B /* Extension */ = {
			isa = PBXGroup;
			children = (
				23D28D6723A23D730002C66B /* Media.xcassets */,
				23D28D6923A23D730002C66B /* ActionViewController.swift */,
				23D28D6B23A23D730002C66B /* MainInterface.storyboard */,
				23D28D6E23A23D730002C66B /* Info.plist */,
			);
			path = Extension;
			sourceTree = "<group>";
		};
/* End PBXGroup section */

/* Begin PBXNativeTarget section */
		23D28D4923A231040002C66B /* day-19-javascript-injection */ = {
			isa = PBXNativeTarget;
			buildConfigurationList = 23D28D5E23A231050002C66B /* Build configuration list for PBXNativeTarget "day-19-javascript-injection" */;
			buildPhases = (
				23D28D4623A231040002C66B /* Sources */,
				23D28D4723A231040002C66B /* Frameworks */,
				23D28D4823A231040002C66B /* Resources */,
				23D28D7523A23D730002C66B /* Embed App Extensions */,
			);
			buildRules = (
			);
			dependencies = (
				23D28D7023A23D730002C66B /* PBXTargetDependency */,
			);
			name = "day-19-javascript-injection";
			productName = "day-19-javascript-injection";
			productReference = 23D28D4A23A231040002C66B /* day-19-javascript-injection.app */;
			productType = "com.apple.product-type.application";
		};
		23D28D6423A23D730002C66B /* Extension */ = {
			isa = PBXNativeTarget;
			buildConfigurationList = 23D28D7223A23D730002C66B /* Build configuration list for PBXNativeTarget "Extension" */;
			buildPhases = (
				23D28D6123A23D730002C66B /* Sources */,
				23D28D6223A23D730002C66B /* Frameworks */,
				23D28D6323A23D730002C66B /* Resources */,
			);
			buildRules = (
			);
			dependencies = (
			);
			name = Extension;
			productName = Extension;
			productReference = 23D28D6523A23D730002C66B /* Extension.appex */;
			productType = "com.apple.product-type.app-extension";
		};
/* End PBXNativeTarget section */

/* Begin PBXProject section */
		23D28D4223A231040002C66B /* Project object */ = {
			isa = PBXProject;
			attributes = {
				LastSwiftUpdateCheck = 1120;
				LastUpgradeCheck = 1120;
				ORGANIZATIONNAME = kinnerapriyap;
				TargetAttributes = {
					23D28D4923A231040002C66B = {
						CreatedOnToolsVersion = 11.2.1;
					};
					23D28D6423A23D730002C66B = {
						CreatedOnToolsVersion = 11.2.1;
					};
				};
			};
			buildConfigurationList = 23D28D4523A231040002C66B /* Build configuration list for PBXProject "day-19-javascript-injection" */;
			compatibilityVersion = "Xcode 9.3";
			developmentRegion = en;
			hasScannedForEncodings = 0;
			knownRegions = (
				en,
				Base,
			);
			mainGroup = 23D28D4123A231040002C66B;
			productRefGroup = 23D28D4B23A231040002C66B /* Products */;
			projectDirPath = "";
			projectRoot = "";
			targets = (
				23D28D4923A231040002C66B /* day-19-javascript-injection */,
				23D28D6423A23D730002C66B /* Extension */,
			);
		};
/* End PBXProject section */

/* Begin PBXResourcesBuildPhase section */
		23D28D4823A231040002C66B /* Resources */ = {
			isa = PBXResourcesBuildPhase;
			buildActionMask = 2147483647;
			files = (
				23D28D5A23A231050002C66B /* LaunchScreen.storyboard in Resources */,
				23D28D5723A231050002C66B /* Assets.xcassets in Resources */,
				23D28D5523A231040002C66B /* Main.storyboard in Resources */,
			);
			runOnlyForDeploymentPostprocessing = 0;
		};
		23D28D6323A23D730002C66B /* Resources */ = {
			isa = PBXResourcesBuildPhase;
			buildActionMask = 2147483647;
			files = (
				23D28D6823A23D730002C66B /* Media.xcassets in Resources */,
				23D28D6D23A23D730002C66B /* MainInterface.storyboard in Resources */,
			);
			runOnlyForDeploymentPostprocessing = 0;
		};
/* End PBXResourcesBuildPhase section */

/* Begin PBXSourcesBuildPhase section */
		23D28D4623A231040002C66B /* Sources */ = {
			isa = PBXSourcesBuildPhase;
			buildActionMask = 2147483647;
			files = (
				23D28D5223A231040002C66B /* ViewController.swift in Sources */,
				23D28D4E23A231040002C66B /* AppDelegate.swift in Sources */,
				23D28D5023A231040002C66B /* SceneDelegate.swift in Sources */,
			);
			runOnlyForDeploymentPostprocessing = 0;
		};
		23D28D6123A23D730002C66B /* Sources */ = {
			isa = PBXSourcesBuildPhase;
			buildActionMask = 2147483647;
			files = (
				23D28D6A23A23D730002C66B /* ActionViewController.swift in Sources */,
			);
			runOnlyForDeploymentPostprocessing = 0;
		};
/* End PBXSourcesBuildPhase section */

/* Begin PBXTargetDependency section */
		23D28D7023A23D730002C66B /* PBXTargetDependency */ = {
			isa = PBXTargetDependency;
			target = 23D28D6423A23D730002C66B /* Extension */;
			targetProxy = 23D28D6F23A23D730002C66B /* PBXContainerItemProxy */;
		};
/* End PBXTargetDependency section */

/* Begin PBXVariantGroup section */
		23D28D5323A231040002C66B /* Main.storyboard */ = {
			isa = PBXVariantGroup;
			children = (
				23D28D5423A231040002C66B /* Base */,
			);
			name = Main.storyboard;
			sourceTree = "<group>";
		};
		23D28D5823A231050002C66B /* LaunchScreen.storyboard */ = {
			isa = PBXVariantGroup;
			children = (
				23D28D5923A231050002C66B /* Base */,
			);
			name = LaunchScreen.storyboard;
			sourceTree = "<group>";
		};
		23D28D6B23A23D730002C66B /* MainInterface.storyboard */ = {
			isa = PBXVariantGroup;
			children = (
				23D28D6C23A23D730002C66B /* Base */,
			);
			name = MainInterface.storyboard;
			sourceTree = "<group>";
		};
/* End PBXVariantGroup section */

/* Begin XCBuildConfiguration section */
		23D28D5C23A231050002C66B /* Debug */ = {
			isa = XCBuildConfiguration;
			buildSettings = {
				ALWAYS_SEARCH_USER_PATHS = NO;
				CLANG_ANALYZER_NONNULL = YES;
				CLANG_ANALYZER_NUMBER_OBJECT_CONVERSION = YES_AGGRESSIVE;
				CLANG_CXX_LANGUAGE_STANDARD = "gnu++14";
				CLANG_CXX_LIBRARY = "libc++";
				CLANG_ENABLE_MODULES = YES;
				CLANG_ENABLE_OBJC_ARC = YES;
				CLANG_ENABLE_OBJC_WEAK = YES;
				CLANG_WARN_BLOCK_CAPTURE_AUTORELEASING = YES;
				CLANG_WARN_BOOL_CONVERSION = YES;
				CLANG_WARN_COMMA = YES;
				CLANG_WARN_CONSTANT_CONVERSION = YES;
				CLANG_WARN_DEPRECATED_OBJC_IMPLEMENTATIONS = YES;
				CLANG_WARN_DIRECT_OBJC_ISA_USAGE = YES_ERROR;
				CLANG_WARN_DOCUMENTATION_COMMENTS = YES;
				CLANG_WARN_EMPTY_BODY = YES;
				CLANG_WARN_ENUM_CONVERSION = YES;
				CLANG_WARN_INFINITE_RECURSION = YES;
				CLANG_WARN_INT_CONVERSION = YES;
				CLANG_WARN_NON_LITERAL_NULL_CONVERSION = YES;
				CLANG_WARN_OBJC_IMPLICIT_RETAIN_SELF = YES;
				CLANG_WARN_OBJC_LITERAL_CONVERSION = YES;
				CLANG_WARN_OBJC_ROOT_CLASS = YES_ERROR;
				CLANG_WARN_RANGE_LOOP_ANALYSIS = YES;
				CLANG_WARN_STRICT_PROTOTYPES = YES;
				CLANG_WARN_SUSPICIOUS_MOVE = YES;
				CLANG_WARN_UNGUARDED_AVAILABILITY = YES_AGGRESSIVE;
				CLANG_WARN_UNREACHABLE_CODE = YES;
				CLANG_WARN__DUPLICATE_METHOD_MATCH = YES;
				COPY_PHASE_STRIP = NO;
				DEBUG_INFORMATION_FORMAT = dwarf;
				ENABLE_STRICT_OBJC_MSGSEND = YES;
				ENABLE_TESTABILITY = YES;
				GCC_C_LANGUAGE_STANDARD = gnu11;
				GCC_DYNAMIC_NO_PIC = NO;
				GCC_NO_COMMON_BLOCKS = YES;
				GCC_OPTIMIZATION_LEVEL = 0;
				GCC_PREPROCESSOR_DEFINITIONS = (
					"DEBUG=1",
					"$(inherited)",
				);
				GCC_WARN_64_TO_32_BIT_CONVERSION = YES;
				GCC_WARN_ABOUT_RETURN_TYPE = YES_ERROR;
				GCC_WARN_UNDECLARED_SELECTOR = YES;
				GCC_WARN_UNINITIALIZED_AUTOS = YES_AGGRESSIVE;
				GCC_WARN_UNUSED_FUNCTION = YES;
				GCC_WARN_UNUSED_VARIABLE = YES;
				IPHONEOS_DEPLOYMENT_TARGET = 13.2;
				MTL_ENABLE_DEBUG_INFO = INCLUDE_SOURCE;
				MTL_FAST_MATH = YES;
				ONLY_ACTIVE_ARCH = YES;
				SDKROOT = iphoneos;
				SWIFT_ACTIVE_COMPILATION_CONDITIONS = DEBUG;
				SWIFT_OPTIMIZATION_LEVEL = "-Onone";
			};
			name = Debug;
		};
		23D28D5D23A231050002C66B /* Release */ = {
			isa = XCBuildConfiguration;
			buildSettings = {
				ALWAYS_SEARCH_USER_PATHS = NO;
				CLANG_ANALYZER_NONNULL = YES;
				CLANG_ANALYZER_NUMBER_OBJECT_CONVERSION = YES_AGGRESSIVE;
				CLANG_CXX_LANGUAGE_STANDARD = "gnu++14";
				CLANG_CXX_LIBRARY = "libc++";
				CLANG_ENABLE_MODULES = YES;
				CLANG_ENABLE_OBJC_ARC = YES;
				CLANG_ENABLE_OBJC_WEAK = YES;
				CLANG_WARN_BLOCK_CAPTURE_AUTORELEASING = YES;
				CLANG_WARN_BOOL_CONVERSION = YES;
				CLANG_WARN_COMMA = YES;
				CLANG_WARN_CONSTANT_CONVERSION = YES;
				CLANG_WARN_DEPRECATED_OBJC_IMPLEMENTATIONS = YES;
				CLANG_WARN_DIRECT_OBJC_ISA_USAGE = YES_ERROR;
				CLANG_WARN_DOCUMENTATION_COMMENTS = YES;
				CLANG_WARN_EMPTY_BODY = YES;
				CLANG_WARN_ENUM_CONVERSION = YES;
				CLANG_WARN_INFINITE_RECURSION = YES;
				CLANG_WARN_INT_CONVERSION = YES;
				CLANG_WARN_NON_LITERAL_NULL_CONVERSION = YES;
				CLANG_WARN_OBJC_IMPLICIT_RETAIN_SELF = YES;
				CLANG_WARN_OBJC_LITERAL_CONVERSION = YES;
				CLANG_WARN_OBJC_ROOT_CLASS = YES_ERROR;
				CLANG_WARN_RANGE_LOOP_ANALYSIS = YES;
				CLANG_WARN_STRICT_PROTOTYPES = YES;
				CLANG_WARN_SUSPICIOUS_MOVE = YES;
				CLANG_WARN_UNGUARDED_AVAILABILITY = YES_AGGRESSIVE;
				CLANG_WARN_UNREACHABLE_CODE = YES;
				CLANG_WARN__DUPLICATE_METHOD_MATCH = YES;
				COPY_PHASE_STRIP = NO;
				DEBUG_INFORMATION_FORMAT = "dwarf-with-dsym";
				ENABLE_NS_ASSERTIONS = NO;
				ENABLE_STRICT_OBJC_MSGSEND = YES;
				GCC_C_LANGUAGE_STANDARD = gnu11;
				GCC_NO_COMMON_BLOCKS = YES;
				GCC_WARN_64_TO_32_BIT_CONVERSION = YES;
				GCC_WARN_ABOUT_RETURN_TYPE = YES_ERROR;
				GCC_WARN_UNDECLARED_SELECTOR = YES;
				GCC_WARN_UNINITIALIZED_AUTOS = YES_AGGRESSIVE;
				GCC_WARN_UNUSED_FUNCTION = YES;
				GCC_WARN_UNUSED_VARIABLE = YES;
				IPHONEOS_DEPLOYMENT_TARGET = 13.2;
				MTL_ENABLE_DEBUG_INFO = NO;
				MTL_FAST_MATH = YES;
				SDKROOT = iphoneos;
				SWIFT_COMPILATION_MODE = wholemodule;
				SWIFT_OPTIMIZATION_LEVEL = "-O";
				VALIDATE_PRODUCT = YES;
			};
			name = Release;
		};
		23D28D5F23A231050002C66B /* Debug */ = {
			isa = XCBuildConfiguration;
			buildSettings = {
				ALWAYS_EMBED_SWIFT_STANDARD_LIBRARIES = YES;
				ASSETCATALOG_COMPILER_APPICON_NAME = AppIcon;
				CODE_SIGN_STYLE = Automatic;
				INFOPLIST_FILE = "day-19-javascript-injection/Info.plist";
				LD_RUNPATH_SEARCH_PATHS = (
					"$(inherited)",
					"@executable_path/Frameworks",
				);
				PRODUCT_BUNDLE_IDENTIFIER = "com.kinnerapriyap.day-19-javascript-injection";
				PRODUCT_NAME = "$(TARGET_NAME)";
				SWIFT_VERSION = 5.0;
				TARGETED_DEVICE_FAMILY = "1,2";
			};
			name = Debug;
		};
		23D28D6023A231050002C66B /* Release */ = {
			isa = XCBuildConfiguration;
			buildSettings = {
				ALWAYS_EMBED_SWIFT_STANDARD_LIBRARIES = YES;
				ASSETCATALOG_COMPILER_APPICON_NAME = AppIcon;
				CODE_SIGN_STYLE = Automatic;
				INFOPLIST_FILE = "day-19-javascript-injection/Info.plist";
				LD_RUNPATH_SEARCH_PATHS = (
					"$(inherited)",
					"@executable_path/Frameworks",
				);
				PRODUCT_BUNDLE_IDENTIFIER = "com.kinnerapriyap.day-19-javascript-injection";
				PRODUCT_NAME = "$(TARGET_NAME)";
				SWIFT_VERSION = 5.0;
				TARGETED_DEVICE_FAMILY = "1,2";
			};
			name = Release;
		};
		23D28D7323A23D730002C66B /* Debug */ = {
			isa = XCBuildConfiguration;
			buildSettings = {
				CODE_SIGN_STYLE = Automatic;
				INFOPLIST_FILE = Extension/Info.plist;
				LD_RUNPATH_SEARCH_PATHS = (
					"$(inherited)",
					"@executable_path/Frameworks",
					"@executable_path/../../Frameworks",
				);
				PRODUCT_BUNDLE_IDENTIFIER = "com.kinnerapriyap.day-19-javascript-injection.Extension";
				PRODUCT_NAME = "$(TARGET_NAME)";
				SKIP_INSTALL = YES;
				SWIFT_VERSION = 5.0;
				TARGETED_DEVICE_FAMILY = "1,2";
			};
			name = Debug;
		};
		23D28D7423A23D730002C66B /* Release */ = {
			isa = XCBuildConfiguration;
			buildSettings = {
				CODE_SIGN_STYLE = Automatic;
				INFOPLIST_FILE = Extension/Info.plist;
				LD_RUNPATH_SEARCH_PATHS = (
					"$(inherited)",
					"@executable_path/Frameworks",
					"@executable_path/../../Frameworks",
				);
				PRODUCT_BUNDLE_IDENTIFIER = "com.kinnerapriyap.day-19-javascript-injection.Extension";
				PRODUCT_NAME = "$(TARGET_NAME)";
				SKIP_INSTALL = YES;
				SWIFT_VERSION = 5.0;
				TARGETED_DEVICE_FAMILY = "1,2";
			};
			name = Release;
		};
/* End XCBuildConfiguration section */

/* Begin XCConfigurationList section */
		23D28D4523A231040002C66B /* Build configuration list for PBXProject "day-19-javascript-injection" */ = {
			isa = XCConfigurationList;
			buildConfigurations = (
				23D28D5C23A231050002C66B /* Debug */,
				23D28D5D23A231050002C66B /* Release */,
			);
			defaultConfigurationIsVisible = 0;
			defaultConfigurationName = Release;
		};
		23D28D5E23A231050002C66B /* Build configuration list for PBXNativeTarget "day-19-javascript-injection" */ = {
			isa = XCConfigurationList;
			buildConfigurations = (
				23D28D5F23A231050002C66B /* Debug */,
				23D28D6023A231050002C66B /* Release */,
			);
			defaultConfigurationIsVisible = 0;
			defaultConfigurationName = Release;
		};
		23D28D7223A23D730002C66B /* Build configuration list for PBXNativeTarget "Extension" */ = {
			isa = XCConfigurationList;
			buildConfigurations = (
				23D28D7323A23D730002C66B /* Debug */,
				23D28D7423A23D730002C66B /* Release */,
			);
			defaultConfigurationIsVisible = 0;
			defaultConfigurationName = Release;
		};
/* End XCConfigurationList section */
	};
	rootObject = 23D28D4223A231040002C66B /* Project object */;
}
